{
  "originHash" : "faf93d8b585b74a199a5614b9909743d4140fab8fbe4d269e935b03d3842cefe",
  "pins" : [
    {
      "identity" : "raylib",
      "kind" : "remoteSourceControl",
      "location" : "https://github.com/STREGAsGate/Raylib",
      "state" : {
        "branch" : "master",
        "revision" : "9e7c83604f74211e4f8f3c38c1c52d4434f51bc1"
      }
    },
    {
      "identity" : "swift-argument-parser",
      "kind" : "remoteSourceControl",
      "location" : "https://github.com/apple/swift-argument-parser.git",
      "state" : {
        "revision" : "46989693916f56d1186bd59ac15124caef896560",
        "version" : "1.3.1"
      }
    },
    {
      "identity" : "swiftserial",
      "kind" : "remoteSourceControl",
      "location" : "https://github.com/olawlor/SwiftSerial",
      "state" : {
        "branch" : "main",
        "revision" : "21729aebee52157c8a0fd5953028552e54734f60"
      }
    }
  ],
  "version" : 3
}